
Microsoft Visual Studio Solution File, Format Version 12.00
# Visual Studio Version 17
VisualStudioVersion = 17.6.33519.23
MinimumVisualStudioVersion = 10.0.40219.1
Project("{FAE04EC0-301F-11D3-BF4B-00C04F79EFBC}") = "Mvc70Ind", "Mvc70Ind\Mvc70Ind.csproj", "{0BDEC7E5-4FC7-4450-946A-B0E844B3A12B}"
EndProject
Global
	GlobalSection(SolutionConfigurationPlatforms) = preSolution
		Debug|Any CPU = Debug|Any CPU
		Release|Any CPU = Release|Any CPU
	EndGlobalSection
	GlobalSection(ProjectConfigurationPlatforms) = postSolution
		{0BDEC7E5-4FC7-4450-946A-B0E844B3A12B}.Debug|Any CPU.ActiveCfg = Debug|Any CPU
		{0BDEC7E5-4FC7-4450-946A-B0E844B3A12B}.Debug|Any CPU.Build.0 = Debug|Any CPU
		{0BDEC7E5-4FC7-4450-946A-B0E844B3A12B}.Release|Any CPU.ActiveCfg = Release|Any CPU
		{0BDEC7E5-4FC7-4450-946A-B0E844B3A12B}.Release|Any CPU.Build.0 = Release|Any CPU
	EndGlobalSection
	GlobalSection(SolutionProperties) = preSolution
		HideSolutionNode = FALSE
	EndGlobalSection
	GlobalSection(ExtensibilityGlobals) = postSolution
		SolutionGuid = {1B3DA84A-8AD3-455B-A015-59A73E8B5506}
	EndGlobalSection
EndGlobal
